<Solution>
  <Project Path="BeyondTrust.SecretSafeProvider.AppHost/BeyondTrust.SecretSafeProvider.AppHost.csproj" Id="13534d53-0c51-4b9a-945a-2819aa4af945" />
  <Project Path="BeyondTrust.SecretSafeProvider.ServiceDefaults/BeyondTrust.SecretSafeProvider.ServiceDefaults.csproj" />
  <Project Path="BeyondTrust.SecretSafeProvider/BeyondTrust.SecretSafeProvider.csproj" />
</Solution>
